
Microsoft Visual Studio Solution File, Format Version 12.00
# Visual Studio Version 16
VisualStudioVersion = 16.0.31624.102
MinimumVisualStudioVersion = 10.0.40219.1
Project("{FAE04EC0-301F-11D3-BF4B-00C04F79EFBC}") = "SimpleChess", "SimpleChess\SimpleChess.csproj", "{F6B4DB2C-E6A3-4694-A469-AE287056BAF1}"
EndProject
Global
	GlobalSection(SolutionConfigurationPlatforms) = preSolution
		Debug|Any CPU = Debug|Any CPU
		Release|Any CPU = Release|Any CPU
	EndGlobalSection
	GlobalSection(ProjectConfigurationPlatforms) = postSolution
		{F6B4DB2C-E6A3-4694-A469-AE287056BAF1}.Debug|Any CPU.ActiveCfg = Debug|Any CPU
		{F6B4DB2C-E6A3-4694-A469-AE287056BAF1}.Debug|Any CPU.Build.0 = Debug|Any CPU
		{F6B4DB2C-E6A3-4694-A469-AE287056BAF1}.Release|Any CPU.ActiveCfg = Release|Any CPU
		{F6B4DB2C-E6A3-4694-A469-AE287056BAF1}.Release|Any CPU.Build.0 = Release|Any CPU
	EndGlobalSection
	GlobalSection(SolutionProperties) = preSolution
		HideSolutionNode = FALSE
	EndGlobalSection
	GlobalSection(ExtensibilityGlobals) = postSolution
		SolutionGuid = {CED6DE57-BB09-40F1-A542-76F1BAAADC56}
	EndGlobalSection
EndGlobal
